<?xml version="1.0" encoding="utf-8"?>
<Project ToolsVersion="4.0" xmlns="http://schemas.microsoft.com/developer/msbuild/2003">
  <ItemGroup>
    <ClCompile Include="Source\Client\Main.cpp" />
    <ClCompile Include="Source\Events\EventBus.cpp" />
    <ClCompile Include="Source\Events\EventListener.cpp" />
    <ClCompile Include="Source\TestsLib\TestClass.cpp" />
    <ClCompile Include="Source\TestsLib\TestRunner.cpp" />
    <ClCompile Include="Source\TestsLib\Tests\EventTests.cpp" />
    <ClCompile Include="Source\TestsLib\Tests\MemoryManagerTests.cpp" />
    <ClCompile Include="Source\TestsLib\Tests\QueueTests.cpp" />
    <ClCompile Include="Source\TestsLib\Tests\UniqueHandleTests.cpp" />
    <ClCompile Include="Source\TestsLib\Tests\VectorTests.cpp" />
    <ClCompile Include="Source\TestsLib\Tests\WeakHandleTests.cpp" />
    <ClCompile Include="Source\UtilsLib\Logger.cpp" />
    <ClCompile Include="Source\Memory\MemoryManager.cpp" />
    <ClCompile Include="Source\UtilsLib\Timer.cpp" />
    <ClCompile Include="Source\UtilsLib\String.cpp" />
    <ClCompile Include="Source\TestsLib\Tests\StringTests.cpp" />
    <ClCompile Include="Source\IO\TextFile.cpp" />
  </ItemGroup>
  <ItemGroup>
    <ClInclude Include="Source\Events\EventBus.h" />
    <ClInclude Include="Source\Events\EventListener.h" />
    <ClInclude Include="Source\Events\EventTypes.h" />
    <ClInclude Include="Source\TestsLib\ITestSuite.h" />
    <ClInclude Include="Source\TestsLib\TestClass.h" />
    <ClInclude Include="Source\TestsLib\TestMacros.h" />
    <ClInclude Include="Source\TestsLib\TestRunner.h" />
    <ClInclude Include="Source\TestsLib\Tests\EventTests.h" />
    <ClInclude Include="Source\TestsLib\Tests\MemoryManagerTests.h" />
    <ClInclude Include="Source\TestsLib\Tests\QueueTests.h" />
    <ClInclude Include="Source\TestsLib\Tests\UniqueHandleTests.h" />
    <ClInclude Include="Source\TestsLib\Tests\VectorTests.h" />
    <ClInclude Include="Source\TestsLib\Tests\WeakHandleTests.h" />
    <ClInclude Include="Source\UtilsLib\CommonTypes.h" />
    <ClInclude Include="Source\UtilsLib\Containers\Queue.h" />
    <ClInclude Include="Source\UtilsLib\Containers\Vector.h" />
    <ClInclude Include="Source\UtilsLib\Logger.h" />
    <ClInclude Include="Source\UtilsLib\Macros.h" />
    <ClInclude Include="Source\Memory\MemoryManager.h" />
    <ClInclude Include="Source\Memory\WeakHandle.h" />
    <ClInclude Include="Source\Memory\UniqueHandle.h" />
    <ClInclude Include="Source\UtilsLib\Timer.h" />
    <ClInclude Include="Source\UtilsLib\String.h" />
    <ClInclude Include="Source\TestsLib\Tests\StringTests.h" />
    <ClInclude Include="Source\IO\TextFile.h" />
  </ItemGroup>
</Project>